
Microsoft Visual Studio Solution File, Format Version 12.00
# Visual Studio Version 16
VisualStudioVersion = 16.0.31019.35
MinimumVisualStudioVersion = 10.0.40219.1
Project("{9A19103F-16F7-4668-BE54-9A1E7A4F7556}") = "TriangleTime", "TriangleTime\TriangleTime.csproj", "{4EBFD165-777A-4CCF-8063-541529F8C353}"
EndProject
Project("{FAE04EC0-301F-11D3-BF4B-00C04F79EFBC}") = "TriangleTimeTests", "TriangleTimeTests\TriangleTimeTests.csproj", "{67914F83-E8D4-43DB-8820-49C0CFD900D8}"
EndProject
Global
	GlobalSection(SolutionConfigurationPlatforms) = preSolution
		Debug|Any CPU = Debug|Any CPU
		Release|Any CPU = Release|Any CPU
	EndGlobalSection
	GlobalSection(ProjectConfigurationPlatforms) = postSolution
		{4EBFD165-777A-4CCF-8063-541529F8C353}.Debug|Any CPU.ActiveCfg = Debug|Any CPU
		{4EBFD165-777A-4CCF-8063-541529F8C353}.Debug|Any CPU.Build.0 = Debug|Any CPU
		{4EBFD165-777A-4CCF-8063-541529F8C353}.Release|Any CPU.ActiveCfg = Release|Any CPU
		{4EBFD165-777A-4CCF-8063-541529F8C353}.Release|Any CPU.Build.0 = Release|Any CPU
		{67914F83-E8D4-43DB-8820-49C0CFD900D8}.Debug|Any CPU.ActiveCfg = Debug|Any CPU
		{67914F83-E8D4-43DB-8820-49C0CFD900D8}.Debug|Any CPU.Build.0 = Debug|Any CPU
		{67914F83-E8D4-43DB-8820-49C0CFD900D8}.Release|Any CPU.ActiveCfg = Release|Any CPU
		{67914F83-E8D4-43DB-8820-49C0CFD900D8}.Release|Any CPU.Build.0 = Release|Any CPU
	EndGlobalSection
	GlobalSection(SolutionProperties) = preSolution
		HideSolutionNode = FALSE
	EndGlobalSection
	GlobalSection(ExtensibilityGlobals) = postSolution
		SolutionGuid = {D92FD145-F288-4383-87BB-95122858370C}
	EndGlobalSection
EndGlobal
